<?xml version="1.0" encoding="utf-8"?>
<Project ToolsVersion="4.0" xmlns="http://schemas.microsoft.com/developer/msbuild/2003">
  <ItemGroup>
    <Filter Include="Engine Calls">
      <UniqueIdentifier>{c7f03253-64c5-4545-8151-1c51805a4952}</UniqueIdentifier>
    </Filter>
    <Filter Include="Engine Calls\ClientDll">
      <UniqueIdentifier>{c2e7c536-8889-4ae4-92ff-b2dfb067814f}</UniqueIdentifier>
    </Filter>
    <Filter Include="Engine Calls\PreS_DynamicSound">
      <UniqueIdentifier>{62f7434c-1839-4353-b7d1-912edb0872b2}</UniqueIdentifier>
    </Filter>
    <Filter Include="Engine Calls\UserMsgs">
      <UniqueIdentifier>{81e69af2-2a97-4f01-a663-7b383fea3632}</UniqueIdentifier>
    </Filter>
    <Filter Include="Engine Calls\Events">
      <UniqueIdentifier>{2e6890c3-d5f4-4514-a87f-c92acb5eb9d2}</UniqueIdentifier>
    </Filter>
    <Filter Include="HLSDK Headers">
      <UniqueIdentifier>{e770f024-ffa8-40dd-bd75-39278732acd7}</UniqueIdentifier>
    </Filter>
    <Filter Include="HLSDK Headers\Include">
      <UniqueIdentifier>{e48c6ab4-10c8-4721-b0c0-66971c320b0f}</UniqueIdentifier>
    </Filter>
    <Filter Include="Basic Utilities">
      <UniqueIdentifier>{302abe1f-fd46-4c4e-a893-dad9991c89df}</UniqueIdentifier>
    </Filter>
    <Filter Include="Basic Utilities\Memory Scan">
      <UniqueIdentifier>{940b57f1-8321-4fb6-ad05-19050cbaebf0}</UniqueIdentifier>
    </Filter>
    <Filter Include="Basic Utilities\Offset Scan">
      <UniqueIdentifier>{23b5d42d-d88f-41a9-8f4e-e5c99c33a953}</UniqueIdentifier>
    </Filter>
    <Filter Include="Basic Utilities\Module Security">
      <UniqueIdentifier>{b0b782e2-8744-4203-a7ad-551b3492b516}</UniqueIdentifier>
    </Filter>
    <Filter Include="Basic Utilities\Drawing">
      <UniqueIdentifier>{48397510-c7c7-4dcf-a85a-ea2755a87ede}</UniqueIdentifier>
    </Filter>
    <Filter Include="Basic Utilities\Calculations">
      <UniqueIdentifier>{c904fa1c-3c2d-472f-9d5f-69be7efc444c}</UniqueIdentifier>
    </Filter>
    <Filter Include="Basic Utilities\Detours">
      <UniqueIdentifier>{8d8f050e-c925-46de-ab18-1f7a2df4e77a}</UniqueIdentifier>
    </Filter>
    <Filter Include="Menu">
      <UniqueIdentifier>{25325c84-4f51-4213-9563-b4e919dabdb6}</UniqueIdentifier>
    </Filter>
    <Filter Include="Cvar">
      <UniqueIdentifier>{fe35355f-a885-4462-9bb5-75f9628ccf3d}</UniqueIdentifier>
    </Filter>
    <Filter Include="OGC Code">
      <UniqueIdentifier>{e9fa9764-2327-4d48-bd3f-e4c79adbe455}</UniqueIdentifier>
    </Filter>
    <Filter Include="No Spread/Recoil">
      <UniqueIdentifier>{81ee51b2-1c12-48ca-aa30-75e0299df859}</UniqueIdentifier>
    </Filter>
    <Filter Include="Engine Calls\Commands">
      <UniqueIdentifier>{be2aa255-551e-4302-bd01-4c4a8497b2de}</UniqueIdentifier>
    </Filter>
    <Filter Include="OpenGL">
      <UniqueIdentifier>{4c5a991a-1931-4ae3-bb06-03560381796b}</UniqueIdentifier>
    </Filter>
    <Filter Include="Aimbot">
      <UniqueIdentifier>{1dccace2-f7b7-40cd-9cd8-19058ff04bc9}</UniqueIdentifier>
    </Filter>
    <Filter Include="Engine Calls\VGUI">
      <UniqueIdentifier>{16c3ac58-47d7-42d1-9bb6-e3ba264d3830}</UniqueIdentifier>
    </Filter>
    <Filter Include="Engine Calls\UserMsgs\StudioModelRenderer">
      <UniqueIdentifier>{6dbbcee7-e69c-444a-a9ec-04b770f00068}</UniqueIdentifier>
    </Filter>
  </ItemGroup>
  <ItemGroup>
    <ClInclude Include="TransInclude.h">
      <Filter>Engine Calls</Filter>
    </ClInclude>
    <ClInclude Include="StudioModelRenderer.h">
      <Filter>Engine Calls\UserMsgs\StudioModelRenderer</Filter>
    </ClInclude>
    <ClInclude Include="ClientDll.h">
      <Filter>Engine Calls\ClientDll</Filter>
    </ClInclude>
    <ClInclude Include="PreS_DynamicSound.h">
      <Filter>Engine Calls\PreS_DynamicSound</Filter>
    </ClInclude>
    <ClInclude Include="UserMsgs.h">
      <Filter>Engine Calls\UserMsgs</Filter>
    </ClInclude>
    <ClInclude Include="Events.h">
      <Filter>Engine Calls\Events</Filter>
    </ClInclude>
    <ClInclude Include="hlsdk_headers\activity.h">
      <Filter>HLSDK Headers</Filter>
    </ClInclude>
    <ClInclude Include="hlsdk_headers\activitymap.h">
      <Filter>HLSDK Headers</Filter>
    </ClInclude>
    <ClInclude Include="hlsdk_headers\ammo.h">
      <Filter>HLSDK Headers</Filter>
    </ClInclude>
    <ClInclude Include="hlsdk_headers\ammohistory.h">
      <Filter>HLSDK Headers</Filter>
    </ClInclude>
    <ClInclude Include="hlsdk_headers\animation.h">
      <Filter>HLSDK Headers</Filter>
    </ClInclude>
    <ClInclude Include="hlsdk_headers\anorms.h">
      <Filter>HLSDK Headers</Filter>
    </ClInclude>
    <ClInclude Include="hlsdk_headers\basemonster.h">
      <Filter>HLSDK Headers</Filter>
    </ClInclude>
    <ClInclude Include="hlsdk_headers\beamdef.h">
      <Filter>HLSDK Headers</Filter>
    </ClInclude>
    <ClInclude Include="hlsdk_headers\bitvec.h">
      <Filter>HLSDK Headers</Filter>
    </ClInclude>
    <ClInclude Include="hlsdk_headers\camera.h">
      <Filter>HLSDK Headers</Filter>
    </ClInclude>
    <ClInclude Include="hlsdk_headers\cbase.h">
      <Filter>HLSDK Headers</Filter>
    </ClInclude>
    <ClInclude Include="hlsdk_headers\cdll_dll.h">
      <Filter>HLSDK Headers</Filter>
    </ClInclude>
    <ClInclude Include="hlsdk_headers\cdll_int.h">
      <Filter>HLSDK Headers</Filter>
    </ClInclude>
    <ClInclude Include="hlsdk_headers\cl_dll.h">
      <Filter>HLSDK Headers</Filter>
    </ClInclude>
    <ClInclude Include="hlsdk_headers\cl_entity.h">
      <Filter>HLSDK Headers</Filter>
    </ClInclude>
    <ClInclude Include="hlsdk_headers\cl_util.h">
      <Filter>HLSDK Headers</Filter>
    </ClInclude>
    <ClInclude Include="hlsdk_headers\client.h">
      <Filter>HLSDK Headers</Filter>
    </ClInclude>
    <ClInclude Include="hlsdk_headers\com_model.h">
      <Filter>HLSDK Headers</Filter>
    </ClInclude>
    <ClInclude Include="hlsdk_headers\com_weapons.h">
      <Filter>HLSDK Headers</Filter>
    </ClInclude>
    <ClInclude Include="hlsdk_headers\con_nprint.h">
      <Filter>HLSDK Headers</Filter>
    </ClInclude>
    <ClInclude Include="hlsdk_headers\const.h">
      <Filter>HLSDK Headers</Filter>
    </ClInclude>
    <ClInclude Include="hlsdk_headers\crc.h">
      <Filter>HLSDK Headers</Filter>
    </ClInclude>
    <ClInclude Include="hlsdk_headers\custom.h">
      <Filter>HLSDK Headers</Filter>
    </ClInclude>
    <ClInclude Include="hlsdk_headers\customentity.h">
      <Filter>HLSDK Headers</Filter>
    </ClInclude>
    <ClInclude Include="hlsdk_headers\cvardef.h">
      <Filter>HLSDK Headers</Filter>
    </ClInclude>
    <ClInclude Include="hlsdk_headers\decals.h">
      <Filter>HLSDK Headers</Filter>
    </ClInclude>
    <ClInclude Include="hlsdk_headers\defaultai.h">
      <Filter>HLSDK Headers</Filter>
    </ClInclude>
    <ClInclude Include="hlsdk_headers\demo.h">
      <Filter>HLSDK Headers</Filter>
    </ClInclude>
    <ClInclude Include="hlsdk_headers\demo_api.h">
      <Filter>HLSDK Headers</Filter>
    </ClInclude>
    <ClInclude Include="hlsdk_headers\director_cmds.h">
      <Filter>HLSDK Headers</Filter>
    </ClInclude>
    <ClInclude Include="hlsdk_headers\dlight.h">
      <Filter>HLSDK Headers</Filter>
    </ClInclude>
    <ClInclude Include="hlsdk_headers\dll_state.h">
      <Filter>HLSDK Headers</Filter>
    </ClInclude>
    <ClInclude Include="hlsdk_headers\doors.h">
      <Filter>HLSDK Headers</Filter>
    </ClInclude>
    <ClInclude Include="hlsdk_headers\edict.h">
      <Filter>HLSDK Headers</Filter>
    </ClInclude>
    <ClInclude Include="hlsdk_headers\effects.h">
      <Filter>HLSDK Headers</Filter>
    </ClInclude>
    <ClInclude Include="hlsdk_headers\eiface.h">
      <Filter>HLSDK Headers</Filter>
    </ClInclude>
    <ClInclude Include="hlsdk_headers\engine_launcher_api.h">
      <Filter>HLSDK Headers</Filter>
    </ClInclude>
    <ClInclude Include="hlsdk_headers\enginecallback.h">
      <Filter>HLSDK Headers</Filter>
    </ClInclude>
    <ClInclude Include="hlsdk_headers\entity_state.h">
      <Filter>HLSDK Headers</Filter>
    </ClInclude>
    <ClInclude Include="hlsdk_headers\entity_types.h">
      <Filter>HLSDK Headers</Filter>
    </ClInclude>
    <ClInclude Include="hlsdk_headers\ev_hldm.h">
      <Filter>HLSDK Headers</Filter>
    </ClInclude>
    <ClInclude Include="hlsdk_headers\event_api.h">
      <Filter>HLSDK Headers</Filter>
    </ClInclude>
    <ClInclude Include="hlsdk_headers\event_args.h">
      <Filter>HLSDK Headers</Filter>
    </ClInclude>
    <ClInclude Include="hlsdk_headers\event_flags.h">
      <Filter>HLSDK Headers</Filter>
    </ClInclude>
    <ClInclude Include="hlsdk_headers\eventscripts.h">
      <Filter>HLSDK Headers</Filter>
    </ClInclude>
    <ClInclude Include="hlsdk_headers\exefuncs.h">
      <Filter>HLSDK Headers</Filter>
    </ClInclude>
    <ClInclude Include="hlsdk_headers\explode.h">
      <Filter>HLSDK Headers</Filter>
    </ClInclude>
    <ClInclude Include="hlsdk_headers\extdll.h">
      <Filter>HLSDK Headers</Filter>
    </ClInclude>
    <ClInclude Include="hlsdk_headers\flyingmonster.h">
      <Filter>HLSDK Headers</Filter>
    </ClInclude>
    <ClInclude Include="hlsdk_headers\func_break.h">
      <Filter>HLSDK Headers</Filter>
    </ClInclude>
    <ClInclude Include="hlsdk_headers\game.h">
      <Filter>HLSDK Headers</Filter>
    </ClInclude>
    <ClInclude Include="hlsdk_headers\gamerules.h">
      <Filter>HLSDK Headers</Filter>
    </ClInclude>
    <ClInclude Include="hlsdk_headers\GameStudioModelRenderer.h">
      <Filter>HLSDK Headers</Filter>
    </ClInclude>
    <ClInclude Include="hlsdk_headers\GameStudioModelRenderer_Sample.h">
      <Filter>HLSDK Headers</Filter>
    </ClInclude>
    <ClInclude Include="hlsdk_headers\health.h">
      <Filter>HLSDK Headers</Filter>
    </ClInclude>
    <ClInclude Include="hlsdk_headers\hltv.h">
      <Filter>HLSDK Headers</Filter>
    </ClInclude>
    <ClInclude Include="hlsdk_headers\hornet.h">
      <Filter>HLSDK Headers</Filter>
    </ClInclude>
    <ClInclude Include="hlsdk_headers\hud.h">
      <Filter>HLSDK Headers</Filter>
    </ClInclude>
    <ClInclude Include="hlsdk_headers\hud_iface.h">
      <Filter>HLSDK Headers</Filter>
    </ClInclude>
    <ClInclude Include="hlsdk_headers\hud_servers.h">
      <Filter>HLSDK Headers</Filter>
    </ClInclude>
    <ClInclude Include="hlsdk_headers\hud_servers_priv.h">
      <Filter>HLSDK Headers</Filter>
    </ClInclude>
    <ClInclude Include="hlsdk_headers\hud_spectator.h">
      <Filter>HLSDK Headers</Filter>
    </ClInclude>
    <ClInclude Include="hlsdk_headers\in_buttons.h">
      <Filter>HLSDK Headers</Filter>
    </ClInclude>
    <ClInclude Include="hlsdk_headers\in_defs.h">
      <Filter>HLSDK Headers</Filter>
    </ClInclude>
    <ClInclude Include="hlsdk_headers\interface.h">
      <Filter>HLSDK Headers</Filter>
    </ClInclude>
    <ClInclude Include="hlsdk_headers\items.h">
      <Filter>HLSDK Headers</Filter>
    </ClInclude>
    <ClInclude Include="hlsdk_headers\ivoicetweak.h">
      <Filter>HLSDK Headers</Filter>
    </ClInclude>
    <ClInclude Include="hlsdk_headers\kbutton.h">
      <Filter>HLSDK Headers</Filter>
    </ClInclude>
    <ClInclude Include="hlsdk_headers\keydefs.h">
      <Filter>HLSDK Headers</Filter>
    </ClInclude>
    <ClInclude Include="hlsdk_headers\maprules.h">
      <Filter>HLSDK Headers</Filter>
    </ClInclude>
    <ClInclude Include="hlsdk_headers\mathlib.h">
      <Filter>HLSDK Headers</Filter>
    </ClInclude>
    <ClInclude Include="hlsdk_headers\monsterevent.h">
      <Filter>HLSDK Headers</Filter>
    </ClInclude>
    <ClInclude Include="hlsdk_headers\monsters.h">
      <Filter>HLSDK Headers</Filter>
    </ClInclude>
    <ClInclude Include="multimod.h">
      <Filter>HLSDK Headers</Filter>
    </ClInclude>
    <ClInclude Include="hlsdk_headers\net_api.h">
      <Filter>HLSDK Headers</Filter>
    </ClInclude>
    <ClInclude Include="hlsdk_headers\netadr.h">
      <Filter>HLSDK Headers</Filter>
    </ClInclude>
    <ClInclude Include="hlsdk_headers\nodes.h">
      <Filter>HLSDK Headers</Filter>
    </ClInclude>
    <ClInclude Include="hlsdk_headers\nowin.h">
      <Filter>HLSDK Headers</Filter>
    </ClInclude>
    <ClInclude Include="hlsdk_headers\overview.h">
      <Filter>HLSDK Headers</Filter>
    </ClInclude>
    <ClInclude Include="hlsdk_headers\parsemsg.h">
      <Filter>HLSDK Headers</Filter>
    </ClInclude>
    <ClInclude Include="hlsdk_headers\particledef.h">
      <Filter>HLSDK Headers</Filter>
    </ClInclude>
    <ClInclude Include="hlsdk_headers\plane.h">
      <Filter>HLSDK Headers</Filter>
    </ClInclude>
    <ClInclude Include="hlsdk_headers\player.h">
      <Filter>HLSDK Headers</Filter>
    </ClInclude>
    <ClInclude Include="hlsdk_headers\pm_debug.h">
      <Filter>HLSDK Headers</Filter>
    </ClInclude>
    <ClInclude Include="hlsdk_headers\pm_defs.h">
      <Filter>HLSDK Headers</Filter>
    </ClInclude>
    <ClInclude Include="hlsdk_headers\pm_info.h">
      <Filter>HLSDK Headers</Filter>
    </ClInclude>
    <ClInclude Include="hlsdk_headers\pm_materials.h">
      <Filter>HLSDK Headers</Filter>
    </ClInclude>
    <ClInclude Include="hlsdk_headers\pm_movevars.h">
      <Filter>HLSDK Headers</Filter>
    </ClInclude>
    <ClInclude Include="hlsdk_headers\pm_shared.h">
      <Filter>HLSDK Headers</Filter>
    </ClInclude>
    <ClInclude Include="hlsdk_headers\pmtrace.h">
      <Filter>HLSDK Headers</Filter>
    </ClInclude>
    <ClInclude Include="hlsdk_headers\progdefs.h">
      <Filter>HLSDK Headers</Filter>
    </ClInclude>
    <ClInclude Include="hlsdk_headers\progs.h">
      <Filter>HLSDK Headers</Filter>
    </ClInclude>
    <ClInclude Include="hlsdk_headers\qfont.h">
      <Filter>HLSDK Headers</Filter>
    </ClInclude>
    <ClInclude Include="hlsdk_headers\r_efx.h">
      <Filter>HLSDK Headers</Filter>
    </ClInclude>
    <ClInclude Include="hlsdk_headers\r_studioint.h">
      <Filter>HLSDK Headers</Filter>
    </ClInclude>
    <ClInclude Include="hlsdk_headers\ref_params.h">
      <Filter>HLSDK Headers</Filter>
    </ClInclude>
    <ClInclude Include="hlsdk_headers\saverestore.h">
      <Filter>HLSDK Headers</Filter>
    </ClInclude>
    <ClInclude Include="hlsdk_headers\schedule.h">
      <Filter>HLSDK Headers</Filter>
    </ClInclude>
    <ClInclude Include="hlsdk_headers\screenfade.h">
      <Filter>HLSDK Headers</Filter>
    </ClInclude>
    <ClInclude Include="hlsdk_headers\scripted.h">
      <Filter>HLSDK Headers</Filter>
    </ClInclude>
    <ClInclude Include="hlsdk_headers\scriptevent.h">
      <Filter>HLSDK Headers</Filter>
    </ClInclude>
    <ClInclude Include="hlsdk_headers\shake.h">
      <Filter>HLSDK Headers</Filter>
    </ClInclude>
    <ClInclude Include="hlsdk_headers\skill.h">
      <Filter>HLSDK Headers</Filter>
    </ClInclude>
    <ClInclude Include="hlsdk_headers\soundent.h">
      <Filter>HLSDK Headers</Filter>
    </ClInclude>
    <ClInclude Include="hlsdk_headers\spectator.h">
      <Filter>HLSDK Headers</Filter>
    </ClInclude>
    <ClInclude Include="hlsdk_headers\squad.h">
      <Filter>HLSDK Headers</Filter>
    </ClInclude>
    <ClInclude Include="hlsdk_headers\squadmonster.h">
      <Filter>HLSDK Headers</Filter>
    </ClInclude>
    <ClInclude Include="hlsdk_headers\studio.h">
      <Filter>HLSDK Headers</Filter>
    </ClInclude>
    <ClInclude Include="hlsdk_headers\studio_event.h">
      <Filter>HLSDK Headers</Filter>
    </ClInclude>
    <ClInclude Include="hlsdk_headers\studio_util.h">
      <Filter>HLSDK Headers</Filter>
    </ClInclude>
    <ClInclude Include="hlsdk_headers\StudioModelRenderer.h">
      <Filter>HLSDK Headers</Filter>
    </ClInclude>
    <ClInclude Include="hlsdk_headers\talkmonster.h">
      <Filter>HLSDK Headers</Filter>
    </ClInclude>
    <ClInclude Include="hlsdk_headers\teamplay_gamerules.h">
      <Filter>HLSDK Headers</Filter>
    </ClInclude>
    <ClInclude Include="hlsdk_headers\tf_defs.h">
      <Filter>HLSDK Headers</Filter>
    </ClInclude>
    <ClInclude Include="hlsdk_headers\trains.h">
      <Filter>HLSDK Headers</Filter>
    </ClInclude>
    <ClInclude Include="hlsdk_headers\triangleapi.h">
      <Filter>HLSDK Headers</Filter>
    </ClInclude>
    <ClInclude Include="hlsdk_headers\usercmd.h">
      <Filter>HLSDK Headers</Filter>
    </ClInclude>
    <ClInclude Include="hlsdk_headers\util.h">
      <Filter>HLSDK Headers</Filter>
    </ClInclude>
    <ClInclude Include="hlsdk_headers\util_vector.h">
      <Filter>HLSDK Headers</Filter>
    </ClInclude>
    <ClInclude Include="hlsdk_headers\vector.h">
      <Filter>HLSDK Headers</Filter>
    </ClInclude>
    <ClInclude Include="hlsdk_headers\vgui_checkbutton2.h">
      <Filter>HLSDK Headers</Filter>
    </ClInclude>
    <ClInclude Include="hlsdk_headers\vgui_ConsolePanel.h">
      <Filter>HLSDK Headers</Filter>
    </ClInclude>
    <ClInclude Include="hlsdk_headers\vgui_ControlConfigPanel.h">
      <Filter>HLSDK Headers</Filter>
    </ClInclude>
    <ClInclude Include="hlsdk_headers\vgui_defaultinputsignal.h">
      <Filter>HLSDK Headers</Filter>
    </ClInclude>
    <ClInclude Include="hlsdk_headers\vgui_grid.h">
      <Filter>HLSDK Headers</Filter>
    </ClInclude>
    <ClInclude Include="hlsdk_headers\vgui_helpers.h">
      <Filter>HLSDK Headers</Filter>
    </ClInclude>
    <ClInclude Include="hlsdk_headers\vgui_int.h">
      <Filter>HLSDK Headers</Filter>
    </ClInclude>
    <ClInclude Include="hlsdk_headers\vgui_listbox.h">
      <Filter>HLSDK Headers</Filter>
    </ClInclude>
    <ClInclude Include="hlsdk_headers\vgui_loadtga.h">
      <Filter>HLSDK Headers</Filter>
    </ClInclude>
    <ClInclude Include="hlsdk_headers\vgui_SchemeManager.h">
      <Filter>HLSDK Headers</Filter>
    </ClInclude>
    <ClInclude Include="hlsdk_headers\vgui_ScorePanel.h">
      <Filter>HLSDK Headers</Filter>
    </ClInclude>
    <ClInclude Include="hlsdk_headers\vgui_scrollbar2.h">
      <Filter>HLSDK Headers</Filter>
    </ClInclude>
    <ClInclude Include="hlsdk_headers\vgui_ServerBrowser.h">
      <Filter>HLSDK Headers</Filter>
    </ClInclude>
    <ClInclude Include="hlsdk_headers\vgui_slider2.h">
      <Filter>HLSDK Headers</Filter>
    </ClInclude>
    <ClInclude Include="hlsdk_headers\vgui_SpectatorPanel.h">
      <Filter>HLSDK Headers</Filter>
    </ClInclude>
    <ClInclude Include="hlsdk_headers\vgui_TeamFortressViewport.h">
      <Filter>HLSDK Headers</Filter>
    </ClInclude>
    <ClInclude Include="hlsdk_headers\view.h">
      <Filter>HLSDK Headers</Filter>
    </ClInclude>
    <ClInclude Include="hlsdk_headers\voice_banmgr.h">
      <Filter>HLSDK Headers</Filter>
    </ClInclude>
    <ClInclude Include="hlsdk_headers\voice_common.h">
      <Filter>HLSDK Headers</Filter>
    </ClInclude>
    <ClInclude Include="hlsdk_headers\voice_gamemgr.h">
      <Filter>HLSDK Headers</Filter>
    </ClInclude>
    <ClInclude Include="hlsdk_headers\voice_status.h">
      <Filter>HLSDK Headers</Filter>
    </ClInclude>
    <ClInclude Include="hlsdk_headers\voice_vgui_tweakdlg.h">
      <Filter>HLSDK Headers</Filter>
    </ClInclude>
    <ClInclude Include="hlsdk_headers\weaponinfo.h">
      <Filter>HLSDK Headers</Filter>
    </ClInclude>
    <ClInclude Include="hlsdk_headers\weapons.h">
      <Filter>HLSDK Headers</Filter>
    </ClInclude>
    <ClInclude Include="hlsdk_headers\wrect.h">
      <Filter>HLSDK Headers</Filter>
    </ClInclude>
    <ClInclude Include="hlsdk_headers\wxdebug.h">
      <Filter>HLSDK Headers</Filter>
    </ClInclude>
    <ClInclude Include="SDKInclude.h">
      <Filter>HLSDK Headers\Include</Filter>
    </ClInclude>
    <ClInclude Include="MemoryScan.h">
      <Filter>Basic Utilities\Memory Scan</Filter>
    </ClInclude>
    <ClInclude Include="OffsetScan.h">
      <Filter>Basic Utilities\Offset Scan</Filter>
    </ClInclude>
    <ClInclude Include="ModuleSecurity.h">
      <Filter>Basic Utilities\Module Security</Filter>
    </ClInclude>
    <ClInclude Include="Drawing.h">
      <Filter>Basic Utilities\Drawing</Filter>
    </ClInclude>
    <ClInclude Include="Calculations.h">
      <Filter>Basic Utilities\Calculations</Filter>
    </ClInclude>
    <ClInclude Include="ADE32.h">
      <Filter>Basic Utilities\Detours</Filter>
    </ClInclude>
    <ClInclude Include="Detour.h">
      <Filter>Basic Utilities\Detours</Filter>
    </ClInclude>
    <ClInclude Include="util.h">
      <Filter>Basic Utilities</Filter>
    </ClInclude>
    <ClInclude Include="MenuElem.h">
      <Filter>Menu</Filter>
    </ClInclude>
    <ClInclude Include="MenuDraw.h">
      <Filter>Menu</Filter>
    </ClInclude>
    <ClInclude Include="cvar.h">
      <Filter>Cvar</Filter>
    </ClInclude>
    <ClInclude Include="client.h">
      <Filter>OGC Code</Filter>
    </ClInclude>
    <ClInclude Include="timehandling.h">
      <Filter>OGC Code</Filter>
    </ClInclude>
    <ClInclude Include="weaponslist.h">
      <Filter>OGC Code</Filter>
    </ClInclude>
    <ClInclude Include="playeritems.h">
      <Filter>OGC Code</Filter>
    </ClInclude>
    <ClInclude Include="stringfinder.h">
      <Filter>OGC Code</Filter>
    </ClInclude>
    <ClInclude Include="stdafx.h">
      <Filter>OGC Code</Filter>
    </ClInclude>
    <ClInclude Include="norecoil.h">
      <Filter>No Spread/Recoil</Filter>
    </ClInclude>
    <ClInclude Include="NoSpread.h">
      <Filter>No Spread/Recoil</Filter>
    </ClInclude>
    <ClInclude Include="Commands.h">
      <Filter>Engine Calls\Commands</Filter>
    </ClInclude>
    <ClInclude Include="opengl.h">
      <Filter>OpenGL</Filter>
    </ClInclude>
    <ClInclude Include="MenuControl.h">
      <Filter>Menu</Filter>
    </ClInclude>
    <ClInclude Include="Aimbot.h">
      <Filter>Aimbot</Filter>
    </ClInclude>
    <ClInclude Include="textures.h">
      <Filter>OGC Code</Filter>
    </ClInclude>
    <ClInclude Include="perfectwall.h">
      <Filter>OGC Code</Filter>
    </ClInclude>
    <ClInclude Include="hlsdk_headers\vgui\VGUI.h">
      <Filter>HLSDK Headers</Filter>
    </ClInclude>
    <ClInclude Include="hlsdk_headers\vgui\VGUI_ActionSignal.h">
      <Filter>HLSDK Headers</Filter>
    </ClInclude>
    <ClInclude Include="hlsdk_headers\vgui\VGUI_App.h">
      <Filter>HLSDK Headers</Filter>
    </ClInclude>
    <ClInclude Include="hlsdk_headers\vgui\VGUI_Bitmap.h">
      <Filter>HLSDK Headers</Filter>
    </ClInclude>
    <ClInclude Include="hlsdk_headers\vgui\VGUI_BitmapTGA.h">
      <Filter>HLSDK Headers</Filter>
    </ClInclude>
    <ClInclude Include="hlsdk_headers\vgui\VGUI_Border.h">
      <Filter>HLSDK Headers</Filter>
    </ClInclude>
    <ClInclude Include="hlsdk_headers\vgui\VGUI_BorderLayout.h">
      <Filter>HLSDK Headers</Filter>
    </ClInclude>
    <ClInclude Include="hlsdk_headers\vgui\VGUI_BorderPair.h">
      <Filter>HLSDK Headers</Filter>
    </ClInclude>
    <ClInclude Include="hlsdk_headers\vgui\VGUI_BuildGroup.h">
      <Filter>HLSDK Headers</Filter>
    </ClInclude>
    <ClInclude Include="hlsdk_headers\vgui\VGUI_Button.h">
      <Filter>HLSDK Headers</Filter>
    </ClInclude>
    <ClInclude Include="hlsdk_headers\vgui\VGUI_ButtonController.h">
      <Filter>HLSDK Headers</Filter>
    </ClInclude>
    <ClInclude Include="hlsdk_headers\vgui\VGUI_ButtonGroup.h">
      <Filter>HLSDK Headers</Filter>
    </ClInclude>
    <ClInclude Include="hlsdk_headers\vgui\VGUI_ChangeSignal.h">
      <Filter>HLSDK Headers</Filter>
    </ClInclude>
    <ClInclude Include="hlsdk_headers\vgui\VGUI_CheckButton.h">
      <Filter>HLSDK Headers</Filter>
    </ClInclude>
    <ClInclude Include="hlsdk_headers\vgui\VGUI_Color.h">
      <Filter>HLSDK Headers</Filter>
    </ClInclude>
    <ClInclude Include="hlsdk_headers\vgui\VGUI_ComboKey.h">
      <Filter>HLSDK Headers</Filter>
    </ClInclude>
    <ClInclude Include="hlsdk_headers\vgui\VGUI_ConfigWizard.h">
      <Filter>HLSDK Headers</Filter>
    </ClInclude>
    <ClInclude Include="hlsdk_headers\vgui\VGUI_Cursor.h">
      <Filter>HLSDK Headers</Filter>
    </ClInclude>
    <ClInclude Include="hlsdk_headers\vgui\VGUI_Dar.h">
      <Filter>HLSDK Headers</Filter>
    </ClInclude>
    <ClInclude Include="hlsdk_headers\vgui\VGUI_DataInputStream.h">
      <Filter>HLSDK Headers</Filter>
    </ClInclude>
    <ClInclude Include="hlsdk_headers\vgui\VGUI_Desktop.h">
      <Filter>HLSDK Headers</Filter>
    </ClInclude>
    <ClInclude Include="hlsdk_headers\vgui\VGUI_DesktopIcon.h">
      <Filter>HLSDK Headers</Filter>
    </ClInclude>
    <ClInclude Include="hlsdk_headers\vgui\VGUI_EditPanel.h">
      <Filter>HLSDK Headers</Filter>
    </ClInclude>
    <ClInclude Include="hlsdk_headers\vgui\VGUI_EtchedBorder.h">
      <Filter>HLSDK Headers</Filter>
    </ClInclude>
    <ClInclude Include="hlsdk_headers\vgui\VGUI_FileInputStream.h">
      <Filter>HLSDK Headers</Filter>
    </ClInclude>
    <ClInclude Include="hlsdk_headers\vgui\VGUI_FlowLayout.h">
      <Filter>HLSDK Headers</Filter>
    </ClInclude>
    <ClInclude Include="hlsdk_headers\vgui\VGUI_FocusChangeSignal.h">
      <Filter>HLSDK Headers</Filter>
    </ClInclude>
    <ClInclude Include="hlsdk_headers\vgui\VGUI_FocusNavGroup.h">
      <Filter>HLSDK Headers</Filter>
    </ClInclude>
    <ClInclude Include="hlsdk_headers\vgui\VGUI_Font.h">
      <Filter>HLSDK Headers</Filter>
    </ClInclude>
    <ClInclude Include="hlsdk_headers\vgui\VGUI_Frame.h">
      <Filter>HLSDK Headers</Filter>
    </ClInclude>
    <ClInclude Include="hlsdk_headers\vgui\VGUI_FrameSignal.h">
      <Filter>HLSDK Headers</Filter>
    </ClInclude>
    <ClInclude Include="hlsdk_headers\vgui\VGUI_GridLayout.h">
      <Filter>HLSDK Headers</Filter>
    </ClInclude>
    <ClInclude Include="hlsdk_headers\vgui\VGUI_HeaderPanel.h">
      <Filter>HLSDK Headers</Filter>
    </ClInclude>
    <ClInclude Include="hlsdk_headers\vgui\VGUI_Image.h">
      <Filter>HLSDK Headers</Filter>
    </ClInclude>
    <ClInclude Include="hlsdk_headers\vgui\VGUI_ImagePanel.h">
      <Filter>HLSDK Headers</Filter>
    </ClInclude>
    <ClInclude Include="hlsdk_headers\vgui\VGUI_InputSignal.h">
      <Filter>HLSDK Headers</Filter>
    </ClInclude>
    <ClInclude Include="hlsdk_headers\vgui\VGUI_InputStream.h">
      <Filter>HLSDK Headers</Filter>
    </ClInclude>
    <ClInclude Include="hlsdk_headers\vgui\VGUI_IntChangeSignal.h">
      <Filter>HLSDK Headers</Filter>
    </ClInclude>
    <ClInclude Include="hlsdk_headers\vgui\VGUI_IntLabel.h">
      <Filter>HLSDK Headers</Filter>
    </ClInclude>
    <ClInclude Include="hlsdk_headers\vgui\VGUI_KeyCode.h">
      <Filter>HLSDK Headers</Filter>
    </ClInclude>
    <ClInclude Include="hlsdk_headers\vgui\VGUI_Label.h">
      <Filter>HLSDK Headers</Filter>
    </ClInclude>
    <ClInclude Include="hlsdk_headers\vgui\VGUI_Layout.h">
      <Filter>HLSDK Headers</Filter>
    </ClInclude>
    <ClInclude Include="hlsdk_headers\vgui\VGUI_LayoutInfo.h">
      <Filter>HLSDK Headers</Filter>
    </ClInclude>
    <ClInclude Include="hlsdk_headers\vgui\VGUI_LineBorder.h">
      <Filter>HLSDK Headers</Filter>
    </ClInclude>
    <ClInclude Include="hlsdk_headers\vgui\VGUI_ListPanel.h">
      <Filter>HLSDK Headers</Filter>
    </ClInclude>
    <ClInclude Include="hlsdk_headers\vgui\VGUI_LoweredBorder.h">
      <Filter>HLSDK Headers</Filter>
    </ClInclude>
    <ClInclude Include="hlsdk_headers\vgui\VGUI_Menu.h">
      <Filter>HLSDK Headers</Filter>
    </ClInclude>
    <ClInclude Include="hlsdk_headers\vgui\VGUI_MenuItem.h">
      <Filter>HLSDK Headers</Filter>
    </ClInclude>
    <ClInclude Include="hlsdk_headers\vgui\VGUI_MenuSeparator.h">
      <Filter>HLSDK Headers</Filter>
    </ClInclude>
    <ClInclude Include="hlsdk_headers\vgui\VGUI_MessageBox.h">
      <Filter>HLSDK Headers</Filter>
    </ClInclude>
    <ClInclude Include="hlsdk_headers\vgui\VGUI_MiniApp.h">
      <Filter>HLSDK Headers</Filter>
    </ClInclude>
    <ClInclude Include="hlsdk_headers\vgui\VGUI_MouseCode.h">
      <Filter>HLSDK Headers</Filter>
    </ClInclude>
    <ClInclude Include="hlsdk_headers\vgui\VGUI_Panel.h">
      <Filter>HLSDK Headers</Filter>
    </ClInclude>
    <ClInclude Include="hlsdk_headers\vgui\VGUI_PopupMenu.h">
      <Filter>HLSDK Headers</Filter>
    </ClInclude>
    <ClInclude Include="hlsdk_headers\vgui\VGUI_ProgressBar.h">
      <Filter>HLSDK Headers</Filter>
    </ClInclude>
    <ClInclude Include="hlsdk_headers\vgui\VGUI_RadioButton.h">
      <Filter>HLSDK Headers</Filter>
    </ClInclude>
    <ClInclude Include="hlsdk_headers\vgui\VGUI_RaisedBorder.h">
      <Filter>HLSDK Headers</Filter>
    </ClInclude>
    <ClInclude Include="hlsdk_headers\vgui\VGUI_RepaintSignal.h">
      <Filter>HLSDK Headers</Filter>
    </ClInclude>
    <ClInclude Include="hlsdk_headers\vgui\VGUI_Scheme.h">
      <Filter>HLSDK Headers</Filter>
    </ClInclude>
    <ClInclude Include="hlsdk_headers\vgui\VGUI_ScrollBar.h">
      <Filter>HLSDK Headers</Filter>
    </ClInclude>
    <ClInclude Include="hlsdk_headers\vgui\VGUI_ScrollPanel.h">
      <Filter>HLSDK Headers</Filter>
    </ClInclude>
    <ClInclude Include="hlsdk_headers\vgui\VGUI_Slider.h">
      <Filter>HLSDK Headers</Filter>
    </ClInclude>
    <ClInclude Include="hlsdk_headers\vgui\VGUI_StackLayout.h">
      <Filter>HLSDK Headers</Filter>
    </ClInclude>
    <ClInclude Include="hlsdk_headers\vgui\VGUI_String.h">
      <Filter>HLSDK Headers</Filter>
    </ClInclude>
    <ClInclude Include="hlsdk_headers\vgui\VGUI_Surface.h">
      <Filter>HLSDK Headers</Filter>
    </ClInclude>
    <ClInclude Include="hlsdk_headers\vgui\VGUI_SurfaceBase.h">
      <Filter>HLSDK Headers</Filter>
    </ClInclude>
    <ClInclude Include="hlsdk_headers\vgui\VGUI_SurfaceGL.h">
      <Filter>HLSDK Headers</Filter>
    </ClInclude>
    <ClInclude Include="hlsdk_headers\vgui\VGUI_TablePanel.h">
      <Filter>HLSDK Headers</Filter>
    </ClInclude>
    <ClInclude Include="hlsdk_headers\vgui\VGUI_TabPanel.h">
      <Filter>HLSDK Headers</Filter>
    </ClInclude>
    <ClInclude Include="hlsdk_headers\vgui\VGUI_TaskBar.h">
      <Filter>HLSDK Headers</Filter>
    </ClInclude>
    <ClInclude Include="hlsdk_headers\vgui\VGUI_TextEntry.h">
      <Filter>HLSDK Headers</Filter>
    </ClInclude>
    <ClInclude Include="hlsdk_headers\vgui\VGUI_TextGrid.h">
      <Filter>HLSDK Headers</Filter>
    </ClInclude>
    <ClInclude Include="hlsdk_headers\vgui\VGUI_TextImage.h">
      <Filter>HLSDK Headers</Filter>
    </ClInclude>
    <ClInclude Include="hlsdk_headers\vgui\VGUI_TextPanel.h">
      <Filter>HLSDK Headers</Filter>
    </ClInclude>
    <ClInclude Include="hlsdk_headers\vgui\VGUI_TickSignal.h">
      <Filter>HLSDK Headers</Filter>
    </ClInclude>
    <ClInclude Include="hlsdk_headers\vgui\VGUI_ToggleButton.h">
      <Filter>HLSDK Headers</Filter>
    </ClInclude>
    <ClInclude Include="hlsdk_headers\vgui\VGUI_TreeFolder.h">
      <Filter>HLSDK Headers</Filter>
    </ClInclude>
    <ClInclude Include="hlsdk_headers\vgui\VGUI_WizardPanel.h">
      <Filter>HLSDK Headers</Filter>
    </ClInclude>
    <ClInclude Include="BoneAimbot.h">
      <Filter>Aimbot</Filter>
    </ClInclude>
  </ItemGroup>
  <ItemGroup>
    <ClCompile Include="StudioModelRenderer.cpp">
      <Filter>Engine Calls\UserMsgs\StudioModelRenderer</Filter>
    </ClCompile>
    <ClCompile Include="ClientDll.cpp">
      <Filter>Engine Calls\ClientDll</Filter>
    </ClCompile>
    <ClCompile Include="PreS_DynamicSound.cpp">
      <Filter>Engine Calls\PreS_DynamicSound</Filter>
    </ClCompile>
    <ClCompile Include="UserMsgs.cpp">
      <Filter>Engine Calls\UserMsgs</Filter>
    </ClCompile>
    <ClCompile Include="Events.cpp">
      <Filter>Engine Calls\Events</Filter>
    </ClCompile>
    <ClCompile Include="hlsdk_headers\parsemsg.cpp">
      <Filter>HLSDK Headers</Filter>
    </ClCompile>
    <ClCompile Include="MemoryScan.cpp">
      <Filter>Basic Utilities\Memory Scan</Filter>
    </ClCompile>
    <ClCompile Include="OffsetScan.cpp">
      <Filter>Basic Utilities\Offset Scan</Filter>
    </ClCompile>
    <ClCompile Include="ModuleSecurity.cpp">
      <Filter>Basic Utilities\Module Security</Filter>
    </ClCompile>
    <ClCompile Include="Drawing.cpp">
      <Filter>Basic Utilities\Drawing</Filter>
    </ClCompile>
    <ClCompile Include="Calculations.cpp">
      <Filter>Basic Utilities\Calculations</Filter>
    </ClCompile>
    <ClCompile Include="ADE32.cpp">
      <Filter>Basic Utilities\Detours</Filter>
    </ClCompile>
    <ClCompile Include="Detour.cpp">
      <Filter>Basic Utilities\Detours</Filter>
    </ClCompile>
    <ClCompile Include="DllMain.cpp" />
    <ClCompile Include="util.cpp">
      <Filter>Basic Utilities</Filter>
    </ClCompile>
    <ClCompile Include="MenuElem.cpp">
      <Filter>Menu</Filter>
    </ClCompile>
    <ClCompile Include="MenuDraw.cpp">
      <Filter>Menu</Filter>
    </ClCompile>
    <ClCompile Include="cvar.cpp">
      <Filter>Cvar</Filter>
    </ClCompile>
    <ClCompile Include="weaponslist.cpp">
      <Filter>OGC Code</Filter>
    </ClCompile>
    <ClCompile Include="playeritems.cpp">
      <Filter>OGC Code</Filter>
    </ClCompile>
    <ClCompile Include="stringfinder.cpp">
      <Filter>OGC Code</Filter>
    </ClCompile>
    <ClCompile Include="timehandling.cpp">
      <Filter>OGC Code</Filter>
    </ClCompile>
    <ClCompile Include="NoSpread.cpp">
      <Filter>No Spread/Recoil</Filter>
    </ClCompile>
    <ClCompile Include="norecoil.cpp">
      <Filter>No Spread/Recoil</Filter>
    </ClCompile>
    <ClCompile Include="Commands.cpp">
      <Filter>Engine Calls\Commands</Filter>
    </ClCompile>
    <ClCompile Include="opengl.cpp">
      <Filter>OpenGL</Filter>
    </ClCompile>
    <ClCompile Include="MenuControl.cpp">
      <Filter>Menu</Filter>
    </ClCompile>
    <ClCompile Include="Aimbot.cpp">
      <Filter>Aimbot</Filter>
    </ClCompile>
    <ClCompile Include="textures.cpp">
      <Filter>OGC Code</Filter>
    </ClCompile>
    <ClCompile Include="perfectwall.cpp">
      <Filter>OGC Code</Filter>
    </ClCompile>
    <ClCompile Include="BoneAimbot.cpp">
      <Filter>Aimbot</Filter>
    </ClCompile>
  </ItemGroup>
</Project>